
Microsoft Visual Studio Solution File, Format Version 12.00
# Visual Studio Version 17
VisualStudioVersion = 17.0.32014.148
MinimumVisualStudioVersion = 10.0.40219.1
Project("{FAE04EC0-301F-11D3-BF4B-00C04F79EFBC}") = "1480-RunningSumOf1dArray", "1480-RunningSumOf1dArray\1480-RunningSumOf1dArray.csproj", "{0218ADB7-D8E2-4D47-ACFB-0B4F1E4BEBD7}"
EndProject
Project("{FAE04EC0-301F-11D3-BF4B-00C04F79EFBC}") = "724-FindPivotIndex", "724-FindPivotIndex\724-FindPivotIndex.csproj", "{808A9666-BD1A-405C-8779-E772FBF94577}"
EndProject
Project("{FAE04EC0-301F-11D3-BF4B-00C04F79EFBC}") = "205-IsomorphicStrings", "205-IsomorphicStrings\205-IsomorphicStrings.csproj", "{68EEC552-67E8-4898-BE0C-7F112333EA52}"
EndProject
Project("{FAE04EC0-301F-11D3-BF4B-00C04F79EFBC}") = "392-IsSubsequence", "392-IsSubsequence\392-IsSubsequence.csproj", "{F7B58BFE-434E-493A-B484-EDD8B0552F88}"
EndProject
Project("{FAE04EC0-301F-11D3-BF4B-00C04F79EFBC}") = "21-MergeTwoSortedLists", "21-MergeTwoSortedLists\21-MergeTwoSortedLists.csproj", "{F4C5CACC-1D8E-48CE-B0CC-AFB24DBBFB6F}"
EndProject
Global
	GlobalSection(SolutionConfigurationPlatforms) = preSolution
		Debug|Any CPU = Debug|Any CPU
		Release|Any CPU = Release|Any CPU
	EndGlobalSection
	GlobalSection(ProjectConfigurationPlatforms) = postSolution
		{0218ADB7-D8E2-4D47-ACFB-0B4F1E4BEBD7}.Debug|Any CPU.ActiveCfg = Debug|Any CPU
		{0218ADB7-D8E2-4D47-ACFB-0B4F1E4BEBD7}.Debug|Any CPU.Build.0 = Debug|Any CPU
		{0218ADB7-D8E2-4D47-ACFB-0B4F1E4BEBD7}.Release|Any CPU.ActiveCfg = Release|Any CPU
		{0218ADB7-D8E2-4D47-ACFB-0B4F1E4BEBD7}.Release|Any CPU.Build.0 = Release|Any CPU
		{808A9666-BD1A-405C-8779-E772FBF94577}.Debug|Any CPU.ActiveCfg = Debug|Any CPU
		{808A9666-BD1A-405C-8779-E772FBF94577}.Debug|Any CPU.Build.0 = Debug|Any CPU
		{808A9666-BD1A-405C-8779-E772FBF94577}.Release|Any CPU.ActiveCfg = Release|Any CPU
		{808A9666-BD1A-405C-8779-E772FBF94577}.Release|Any CPU.Build.0 = Release|Any CPU
		{68EEC552-67E8-4898-BE0C-7F112333EA52}.Debug|Any CPU.ActiveCfg = Debug|Any CPU
		{68EEC552-67E8-4898-BE0C-7F112333EA52}.Debug|Any CPU.Build.0 = Debug|Any CPU
		{68EEC552-67E8-4898-BE0C-7F112333EA52}.Release|Any CPU.ActiveCfg = Release|Any CPU
		{68EEC552-67E8-4898-BE0C-7F112333EA52}.Release|Any CPU.Build.0 = Release|Any CPU
		{F7B58BFE-434E-493A-B484-EDD8B0552F88}.Debug|Any CPU.ActiveCfg = Debug|Any CPU
		{F7B58BFE-434E-493A-B484-EDD8B0552F88}.Debug|Any CPU.Build.0 = Debug|Any CPU
		{F7B58BFE-434E-493A-B484-EDD8B0552F88}.Release|Any CPU.ActiveCfg = Release|Any CPU
		{F7B58BFE-434E-493A-B484-EDD8B0552F88}.Release|Any CPU.Build.0 = Release|Any CPU
		{F4C5CACC-1D8E-48CE-B0CC-AFB24DBBFB6F}.Debug|Any CPU.ActiveCfg = Debug|Any CPU
		{F4C5CACC-1D8E-48CE-B0CC-AFB24DBBFB6F}.Debug|Any CPU.Build.0 = Debug|Any CPU
		{F4C5CACC-1D8E-48CE-B0CC-AFB24DBBFB6F}.Release|Any CPU.ActiveCfg = Release|Any CPU
		{F4C5CACC-1D8E-48CE-B0CC-AFB24DBBFB6F}.Release|Any CPU.Build.0 = Release|Any CPU
	EndGlobalSection
	GlobalSection(SolutionProperties) = preSolution
		HideSolutionNode = FALSE
	EndGlobalSection
	GlobalSection(ExtensibilityGlobals) = postSolution
		SolutionGuid = {0E8EC7D6-3B04-4C89-B496-0CBABD860418}
	EndGlobalSection
EndGlobal
